
Microsoft Visual Studio Solution File, Format Version 12.00
# Visual Studio 15
VisualStudioVersion = 15.0.27428.2037
MinimumVisualStudioVersion = 10.0.40219.1
Project("{9A19103F-16F7-4668-BE54-9A1E7A4F7556}") = "KinMel", "KinMel\KinMel.csproj", "{B30FC494-F865-431E-A902-566DECAE5981}"
EndProject
Project("{FAE04EC0-301F-11D3-BF4B-00C04F79EFBC}") = "XUnitTestProject", "XUnitTestProject\XUnitTestProject.csproj", "{358F3AA6-D7C1-435C-939D-E4C7C16FDAD1}"
EndProject
Global
	GlobalSection(SolutionConfigurationPlatforms) = preSolution
		Debug|Any CPU = Debug|Any CPU
		Release|Any CPU = Release|Any CPU
	EndGlobalSection
	GlobalSection(ProjectConfigurationPlatforms) = postSolution
		{B30FC494-F865-431E-A902-566DECAE5981}.Debug|Any CPU.ActiveCfg = Debug|Any CPU
		{B30FC494-F865-431E-A902-566DECAE5981}.Debug|Any CPU.Build.0 = Debug|Any CPU
		{B30FC494-F865-431E-A902-566DECAE5981}.Release|Any CPU.ActiveCfg = Release|Any CPU
		{B30FC494-F865-431E-A902-566DECAE5981}.Release|Any CPU.Build.0 = Release|Any CPU
		{358F3AA6-D7C1-435C-939D-E4C7C16FDAD1}.Debug|Any CPU.ActiveCfg = Debug|Any CPU
		{358F3AA6-D7C1-435C-939D-E4C7C16FDAD1}.Debug|Any CPU.Build.0 = Debug|Any CPU
		{358F3AA6-D7C1-435C-939D-E4C7C16FDAD1}.Release|Any CPU.ActiveCfg = Release|Any CPU
		{358F3AA6-D7C1-435C-939D-E4C7C16FDAD1}.Release|Any CPU.Build.0 = Release|Any CPU
	EndGlobalSection
	GlobalSection(SolutionProperties) = preSolution
		HideSolutionNode = FALSE
	EndGlobalSection
	GlobalSection(ExtensibilityGlobals) = postSolution
		SolutionGuid = {938A118F-25B1-46DD-BF0B-883693848113}
	EndGlobalSection
EndGlobal
